<?xml version="1.0" encoding="UTF-8" standalone="yes" ?>
<CodeBlocks_project_file>
	<FileVersion major="1" minor="6" />
	<Project>
		<Option title="Lab3-ProgAvanzada" />
		<Option pch_mode="2" />
		<Option compiler="gcc" />
		<Build>
			<Target title="Debug">
				<Option output="bin/Debug/Lab3-ProgAvanzada" prefix_auto="1" extension_auto="1" />
				<Option object_output="obj/Debug/" />
				<Option type="1" />
				<Option compiler="gcc" />
				<Compiler>
					<Add option="-g" />
					<Add directory="include" />
				</Compiler>
			</Target>
			<Target title="Release">
				<Option output="bin/Release/Lab3-ProgAvanzada" prefix_auto="1" extension_auto="1" />
				<Option object_output="obj/Release/" />
				<Option type="1" />
				<Option compiler="gcc" />
				<Compiler>
					<Add option="-O2" />
					<Add directory="include" />
				</Compiler>
				<Linker>
					<Add option="-s" />
				</Linker>
			</Target>
		</Build>
		<Compiler>
			<Add option="-Wall" />
			<Add option="-fexceptions" />
		</Compiler>
		<Unit filename="ColeccionesG/ICollectible.cpp" />
		<Unit filename="ColeccionesG/ICollectible.h" />
		<Unit filename="ColeccionesG/ICollection.h" />
		<Unit filename="ColeccionesG/IDictionary.cpp" />
		<Unit filename="ColeccionesG/IDictionary.h" />
		<Unit filename="ColeccionesG/IIterator.h" />
		<Unit filename="ColeccionesG/IKey.cpp" />
		<Unit filename="ColeccionesG/IKey.h" />
		<Unit filename="ColeccionesG/KeyInt.cpp" />
		<Unit filename="ColeccionesG/KeyInt.h" />
		<Unit filename="ColeccionesG/KeyString.cpp" />
		<Unit filename="ColeccionesG/KeyString.h" />
		<Unit filename="ColeccionesG/ListDiccIterator.cpp" />
		<Unit filename="ColeccionesG/ListDiccIterator.h" />
		<Unit filename="ColeccionesG/ListDiccIteratorKey.cpp" />
		<Unit filename="ColeccionesG/ListDiccIteratorKey.h" />
		<Unit filename="ColeccionesG/ListDiccIteratorObj.cpp" />
		<Unit filename="ColeccionesG/ListDiccIteratorObj.h" />
		<Unit filename="ColeccionesG/Lista.cpp" />
		<Unit filename="ColeccionesG/Lista.h" />
		<Unit filename="ColeccionesG/ListaDicc.cpp" />
		<Unit filename="ColeccionesG/ListaDicc.h" />
		<Unit filename="ColeccionesG/ListaIterator.cpp" />
		<Unit filename="ColeccionesG/ListaIterator.h" />
		<Unit filename="ColeccionesG/Nodo.cpp" />
		<Unit filename="ColeccionesG/Nodo.h" />
		<Unit filename="ColeccionesG/NodoDicc.cpp" />
		<Unit filename="ColeccionesG/NodoDicc.h" />
		<Unit filename="ColeccionesG/Par.cpp" />
		<Unit filename="ColeccionesG/Par.h" />
		<Unit filename="include/CategoriaDeVideojuegos.h" />
		<Unit filename="include/CategoriaGenero.h" />
		<Unit filename="include/CategoriaPlataforma.h" />
		<Unit filename="include/Desarrollador.h" />
		<Unit filename="include/IPartidas.h" />
		<Unit filename="include/IUsers.h" />
		<Unit filename="include/Individual.h" />
		<Unit filename="include/Jugador.h" />
		<Unit filename="include/Multijugador.h" />
		<Unit filename="include/NuevaCategoria.h" />
		<Unit filename="include/NuevaPlataforma.h" />
		<Unit filename="include/NuevoGenero.h" />
		<Unit filename="include/Partida.h" />
		<Unit filename="include/PorDefectoGenero.h" />
		<Unit filename="include/PorDefectoPlataforma.h" />
		<Unit filename="include/Suscripcion.h" />
		<Unit filename="include/Temporal.h" />
		<Unit filename="include/Usuario.h" />
		<Unit filename="include/Videojuego.h" />
		<Unit filename="include/Vitalicia.h" />
		<Unit filename="main.cpp" />
		<Unit filename="src/CategoriaDeVideojuegos.cpp" />
		<Unit filename="src/CategoriaGenero.cpp" />
		<Unit filename="src/CategoriaPlataforma.cpp" />
		<Unit filename="src/Desarrollador.cpp" />
		<Unit filename="src/IPartidas.cpp" />
		<Unit filename="src/IUsers.cpp" />
		<Unit filename="src/Individual.cpp" />
		<Unit filename="src/Jugador.cpp" />
		<Unit filename="src/Multijugador.cpp" />
		<Unit filename="src/NuevaCategoria.cpp" />
		<Unit filename="src/NuevaPlataforma.cpp" />
		<Unit filename="src/NuevoGenero.cpp" />
		<Unit filename="src/Partida.cpp" />
		<Unit filename="src/PorDefectoGenero.cpp" />
		<Unit filename="src/PorDefectoPlataforma.cpp" />
		<Unit filename="src/Suscripcion.cpp" />
		<Unit filename="src/Temporal.cpp" />
		<Unit filename="src/Usuario.cpp" />
		<Unit filename="src/Videojuego.cpp" />
		<Unit filename="src/Vitalicia.cpp" />
		<Extensions>
			<lib_finder disable_auto="1" />
		</Extensions>
	</Project>
</CodeBlocks_project_file>
