<?xml version="1.0" encoding="UTF-8" standalone="yes" ?>
<CodeBlocks_project_file>
	<FileVersion major="1" minor="6" />
	<Project>
		<Option title="Lab3-ProgAvanzada" />
		<Option pch_mode="2" />
		<Option compiler="gcc" />
		<Build>
			<Target title="Debug">
				<Option output="bin/Debug/Lab3-ProgAvanzada" prefix_auto="1" extension_auto="1" />
				<Option object_output="obj/Debug/" />
				<Option type="1" />
				<Option compiler="gcc" />
				<Compiler>
					<Add option="-g" />
					<Add directory="include" />
				</Compiler>
			</Target>
			<Target title="Release">
				<Option output="bin/Release/Lab3-ProgAvanzada" prefix_auto="1" extension_auto="1" />
				<Option object_output="obj/Release/" />
				<Option type="1" />
				<Option compiler="gcc" />
				<Compiler>
					<Add option="-O2" />
					<Add directory="include" />
				</Compiler>
				<Linker>
					<Add option="-s" />
				</Linker>
			</Target>
		</Build>
		<Compiler>
			<Add option="-Wall" />
			<Add option="-fexceptions" />
		</Compiler>
		<Unit filename="ColeccionesG/ICollectible.cpp" />
		<Unit filename="ColeccionesG/ICollectible.h" />
		<Unit filename="ColeccionesG/ICollection.h" />
		<Unit filename="ColeccionesG/IDictionary.cpp" />
		<Unit filename="ColeccionesG/IDictionary.h" />
		<Unit filename="ColeccionesG/IIterator.h" />
		<Unit filename="ColeccionesG/IKey.cpp" />
		<Unit filename="ColeccionesG/IKey.h" />
		<Unit filename="ColeccionesG/KeyInt.cpp" />
		<Unit filename="ColeccionesG/KeyInt.h" />
		<Unit filename="ColeccionesG/KeyString.cpp" />
		<Unit filename="ColeccionesG/KeyString.h" />
		<Unit filename="ColeccionesG/ListDiccIterator.cpp" />
		<Unit filename="ColeccionesG/ListDiccIterator.h" />
		<Unit filename="ColeccionesG/ListDiccIteratorKey.cpp" />
		<Unit filename="ColeccionesG/ListDiccIteratorKey.h" />
		<Unit filename="ColeccionesG/ListDiccIteratorObj.cpp" />
		<Unit filename="ColeccionesG/ListDiccIteratorObj.h" />
		<Unit filename="ColeccionesG/Lista.cpp" />
		<Unit filename="ColeccionesG/Lista.h" />
		<Unit filename="ColeccionesG/ListaDicc.cpp" />
		<Unit filename="ColeccionesG/ListaDicc.h" />
		<Unit filename="ColeccionesG/ListaIterator.cpp" />
		<Unit filename="ColeccionesG/ListaIterator.h" />
		<Unit filename="ColeccionesG/Nodo.cpp" />
		<Unit filename="ColeccionesG/Nodo.h" />
		<Unit filename="ColeccionesG/NodoDicc.cpp" />
		<Unit filename="ColeccionesG/NodoDicc.h" />
		<Unit filename="ColeccionesG/Par.cpp" />
		<Unit filename="ColeccionesG/Par.h" />
		<Unit filename="include/Fabrica.h" />
		<Unit filename="include/StandardHeaders.h" />
		<Unit filename="include/classes/CategoriaDeVideojuegos.h" />
		<Unit filename="include/classes/CategoriaGenero.h" />
		<Unit filename="include/classes/CategoriaPlataforma.h" />
		<Unit filename="include/classes/Comentario.h" />
		<Unit filename="include/classes/Desarrollador.h" />
		<Unit filename="include/classes/Individual.h" />
		<Unit filename="include/classes/Jugador.h" />
		<Unit filename="include/classes/Multijugador.h" />
		<Unit filename="include/classes/NuevaCategoria.h" />
		<Unit filename="include/classes/NuevaPlataforma.h" />
		<Unit filename="include/classes/NuevoGenero.h" />
		<Unit filename="include/classes/Partida.h" />
		<Unit filename="include/classes/PorDefectoGenero.h" />
		<Unit filename="include/classes/PorDefectoPlataforma.h" />
		<Unit filename="include/classes/Suscripcion.h" />
		<Unit filename="include/classes/Temporal.h" />
		<Unit filename="include/classes/TransmitidaVivo.h" />
		<Unit filename="include/classes/Usuario.h" />
		<Unit filename="include/classes/Videojuego.h" />
		<Unit filename="include/classes/Vitalicia.h" />
		<Unit filename="include/controllers/PartidasController.h" />
		<Unit filename="include/controllers/UsersControllers.h" />
		<Unit filename="include/controllers/VideojuegosController.h" />
		<Unit filename="include/datatypes/DtComentarioRealizado.h" />
		<Unit filename="include/datatypes/DtCostoSuscripcion.h" />
		<Unit filename="include/datatypes/DtDatosPartida.h" />
		<Unit filename="include/datatypes/DtFechaHora.h" />
		<Unit filename="include/datatypes/DtPartidaInfo.h" />
		<Unit filename="include/interfaces/IPartidas.h" />
		<Unit filename="include/interfaces/IUsers.h" />
		<Unit filename="include/interfaces/IVideojuegos.h" />
		<Unit filename="main.cpp" />
		<Unit filename="src/Fabrica.cpp" />
		<Unit filename="src/classes/CategoriaDeVideojuegos.cpp" />
		<Unit filename="src/classes/CategoriaGenero.cpp" />
		<Unit filename="src/classes/CategoriaPlataforma.cpp" />
		<Unit filename="src/classes/Comentario.cpp" />
		<Unit filename="src/classes/Desarrollador.cpp" />
		<Unit filename="src/classes/Individual.cpp" />
		<Unit filename="src/classes/Jugador.cpp" />
		<Unit filename="src/classes/Multijugador.cpp" />
		<Unit filename="src/classes/NuevaCategoria.cpp" />
		<Unit filename="src/classes/NuevaPlataforma.cpp" />
		<Unit filename="src/classes/NuevoGenero.cpp" />
		<Unit filename="src/classes/Partida.cpp" />
		<Unit filename="src/classes/PorDefectoGenero.cpp" />
		<Unit filename="src/classes/PorDefectoPlataforma.cpp" />
		<Unit filename="src/classes/Suscripcion.cpp" />
		<Unit filename="src/classes/Temporal.cpp" />
		<Unit filename="src/classes/TransmitidaVivo.cpp" />
		<Unit filename="src/classes/Usuario.cpp" />
		<Unit filename="src/classes/Videojuego.cpp" />
		<Unit filename="src/classes/Vitalicia.cpp" />
		<Unit filename="src/controllers/PartidasController.cpp" />
		<Unit filename="src/controllers/UsersControllers.cpp" />
		<Unit filename="src/controllers/VideojuegosController.cpp" />
		<Unit filename="src/datatypes/DtComentarioRealizado.cpp" />
		<Unit filename="src/datatypes/DtCostoSuscripcion.cpp" />
		<Unit filename="src/datatypes/DtDatosPartida.cpp" />
		<Unit filename="src/datatypes/DtFechaHora.cpp" />
		<Unit filename="src/datatypes/DtPartidaInfo.cpp" />
		<Unit filename="src/interfaces/IPartidas.cpp" />
		<Unit filename="src/interfaces/IUsers.cpp" />
		<Unit filename="src/interfaces/IVideojuegos.cpp" />
		<Extensions>
			<lib_finder disable_auto="1" />
		</Extensions>
	</Project>
</CodeBlocks_project_file>
